{
  "originHash" : "50be99be014ed5ec85fe1290ef9344c787d0be0d65537902a1eb56a04e5df202",
  "pins" : [
    {
      "identity" : "appauth-ios",
      "kind" : "remoteSourceControl",
      "location" : "https://github.com/openid/AppAuth-iOS",
      "state" : {
        "revision" : "a972daac82d449d58ab119e91c68153e29ddac33",
        "version" : "3.0.0"
      }
    },
    {
      "identity" : "swiftlintplugins",
      "kind" : "remoteSourceControl",
      "location" : "https://github.com/SimplyDanny/SwiftLintPlugins",
      "state" : {
        "revision" : "ef7d692fc6706e8f5628e26bcafaefa445c58a97",
        "version" : "0.65.1"
      }
    }
  ],
  "version" : 3
}
