PODS:
  - AppAuth (1.7.5):
    - AppAuth/Core (= 1.7.5)
    - AppAuth/ExternalUserAgent (= 1.7.5)
  - AppAuth/Core (1.7.5)
  - AppAuth/ExternalUserAgent (1.7.5):
    - AppAuth/Core

DEPENDENCIES:
  - AppAuth (~> 1.7.5)
  - AppAuth/Core

SPEC REPOS:
  trunk:
    - AppAuth

SPEC CHECKSUMS:
  AppAuth: 501c04eda8a8d11f179dbe8637b7a91bb7e5d2fa

PODFILE CHECKSUM: 422a5ca6ee61dba4e68bc561935dd74aa8b15f17

COCOAPODS: 1.15.2
