PODS:
  - AppAuth (1.7.6):
    - AppAuth/Core (= 1.7.6)
    - AppAuth/ExternalUserAgent (= 1.7.6)
  - AppAuth/Core (1.7.6)
  - AppAuth/ExternalUserAgent (1.7.6):
    - AppAuth/Core
  - SwiftLint (0.51.0)

DEPENDENCIES:
  - AppAuth (~> 1.7.6)
  - AppAuth/Core
  - SwiftLint

SPEC REPOS:
  trunk:
    - AppAuth
    - SwiftLint

SPEC CHECKSUMS:
  AppAuth: d4f13a8fe0baf391b2108511793e4b479691fb73
  SwiftLint: 1b7561918a19e23bfed960e40759086e70f4dba5

PODFILE CHECKSUM: 6f5c730a20d6c3f7636822aaed73ef731088010c

COCOAPODS: 1.15.2
