PODS:
  - AppAuth (1.7.5):
    - AppAuth/Core (= 1.7.5)
    - AppAuth/ExternalUserAgent (= 1.7.5)
  - AppAuth/Core (1.7.5)
  - AppAuth/ExternalUserAgent (1.7.5):
    - AppAuth/Core

DEPENDENCIES:
  - AppAuth (~> 1.7.5)

SPEC REPOS:
  trunk:
    - AppAuth

SPEC CHECKSUMS:
  AppAuth: 501c04eda8a8d11f179dbe8637b7a91bb7e5d2fa

PODFILE CHECKSUM: 756875c346b8c706ac1fa87a3e898d1f90588cca

COCOAPODS: 1.15.2
