# This is a Gradle generated file for dependency locking.
# Manual edits can break the build and are not advised.
# This file is expected to be part of source control.
# To regenerate this file, run: ./gradlew :openCVLibrary343:dependencies --write-locks
empty=debugAndroidTestAnnotationProcessorClasspath,debugAndroidTestCompileClasspath,debugAndroidTestLintChecksClasspath,debugAndroidTestRuntimeClasspath,debugAnnotationProcessorClasspath,debugCompileClasspath,debugLintChecksClasspath,debugRuntimeClasspath,debugUnitTestAnnotationProcessorClasspath,debugUnitTestCompileClasspath,debugUnitTestLintChecksClasspath,debugUnitTestRuntimeClasspath,releaseAnnotationProcessorClasspath,releaseCompileClasspath,releaseLintChecksClasspath,releaseRuntimeClasspath,releaseUnitTestAnnotationProcessorClasspath,releaseUnitTestRuntimeClasspath
